
Microsoft Visual Studio Solution File, Format Version 12.00
# Visual Studio Version 16
VisualStudioVersion = 16.0.30907.101
MinimumVisualStudioVersion = 10.0.40219.1
Project("{FAE04EC0-301F-11D3-BF4B-00C04F79EFBC}") = "BlazorRegistrationApp.Server", "BlazorRegistrationApp\Server\BlazorRegistrationApp.Server.csproj", "{9E333AE0-BBB1-4E52-929F-7E6E5F71B93F}"
EndProject
Project("{FAE04EC0-301F-11D3-BF4B-00C04F79EFBC}") = "BlazorRegistrationApp.Client", "BlazorRegistrationApp\Client\BlazorRegistrationApp.Client.csproj", "{01A3E469-156A-4CFA-8A42-4B4158C6E21A}"
EndProject
Project("{FAE04EC0-301F-11D3-BF4B-00C04F79EFBC}") = "BlazorRegistrationApp.Shared", "BlazorRegistrationApp\Shared\BlazorRegistrationApp.Shared.csproj", "{BE4A3F3C-9F46-49BC-8F22-763FD9B56EB2}"
EndProject
Global
	GlobalSection(SolutionConfigurationPlatforms) = preSolution
		Debug|Any CPU = Debug|Any CPU
		Release|Any CPU = Release|Any CPU
	EndGlobalSection
	GlobalSection(ProjectConfigurationPlatforms) = postSolution
		{9E333AE0-BBB1-4E52-929F-7E6E5F71B93F}.Debug|Any CPU.ActiveCfg = Debug|Any CPU
		{9E333AE0-BBB1-4E52-929F-7E6E5F71B93F}.Debug|Any CPU.Build.0 = Debug|Any CPU
		{9E333AE0-BBB1-4E52-929F-7E6E5F71B93F}.Release|Any CPU.ActiveCfg = Release|Any CPU
		{9E333AE0-BBB1-4E52-929F-7E6E5F71B93F}.Release|Any CPU.Build.0 = Release|Any CPU
		{01A3E469-156A-4CFA-8A42-4B4158C6E21A}.Debug|Any CPU.ActiveCfg = Debug|Any CPU
		{01A3E469-156A-4CFA-8A42-4B4158C6E21A}.Debug|Any CPU.Build.0 = Debug|Any CPU
		{01A3E469-156A-4CFA-8A42-4B4158C6E21A}.Release|Any CPU.ActiveCfg = Release|Any CPU
		{01A3E469-156A-4CFA-8A42-4B4158C6E21A}.Release|Any CPU.Build.0 = Release|Any CPU
		{BE4A3F3C-9F46-49BC-8F22-763FD9B56EB2}.Debug|Any CPU.ActiveCfg = Debug|Any CPU
		{BE4A3F3C-9F46-49BC-8F22-763FD9B56EB2}.Debug|Any CPU.Build.0 = Debug|Any CPU
		{BE4A3F3C-9F46-49BC-8F22-763FD9B56EB2}.Release|Any CPU.ActiveCfg = Release|Any CPU
		{BE4A3F3C-9F46-49BC-8F22-763FD9B56EB2}.Release|Any CPU.Build.0 = Release|Any CPU
	EndGlobalSection
	GlobalSection(SolutionProperties) = preSolution
		HideSolutionNode = FALSE
	EndGlobalSection
	GlobalSection(ExtensibilityGlobals) = postSolution
		SolutionGuid = {3AE59C86-C80B-4693-A209-4803EBDB0895}
	EndGlobalSection
EndGlobal
